
Microsoft Visual Studio Solution File, Format Version 12.00
# Visual Studio Version 17
VisualStudioVersion = 17.4.33122.133
MinimumVisualStudioVersion = 10.0.40219.1
Project("{9A19103F-16F7-4668-BE54-9A1E7A4F7556}") = "moviedb", "moviedb.csproj", "{2D3750CF-4472-48AF-94B3-9036B81E3228}"
EndProject
Global
	GlobalSection(SolutionConfigurationPlatforms) = preSolution
		Debug|Any CPU = Debug|Any CPU
		Debug|x64 = Debug|x64
		Release|Any CPU = Release|Any CPU
		Release|x64 = Release|x64
	EndGlobalSection
	GlobalSection(ProjectConfigurationPlatforms) = postSolution
		{2D3750CF-4472-48AF-94B3-9036B81E3228}.Debug|Any CPU.ActiveCfg = Debug|Any CPU
		{2D3750CF-4472-48AF-94B3-9036B81E3228}.Debug|Any CPU.Build.0 = Debug|Any CPU
		{2D3750CF-4472-48AF-94B3-9036B81E3228}.Debug|x64.ActiveCfg = Debug|x64
		{2D3750CF-4472-48AF-94B3-9036B81E3228}.Debug|x64.Build.0 = Debug|x64
		{2D3750CF-4472-48AF-94B3-9036B81E3228}.Release|Any CPU.ActiveCfg = Release|Any CPU
		{2D3750CF-4472-48AF-94B3-9036B81E3228}.Release|Any CPU.Build.0 = Release|Any CPU
		{2D3750CF-4472-48AF-94B3-9036B81E3228}.Release|x64.ActiveCfg = Release|x64
		{2D3750CF-4472-48AF-94B3-9036B81E3228}.Release|x64.Build.0 = Release|x64
	EndGlobalSection
	GlobalSection(SolutionProperties) = preSolution
		HideSolutionNode = FALSE
	EndGlobalSection
	GlobalSection(ExtensibilityGlobals) = postSolution
		SolutionGuid = {806ADAF0-D5B4-4052-B26D-6443BBCB37DD}
	EndGlobalSection
EndGlobal
