
Microsoft Visual Studio Solution File, Format Version 12.00
# Visual Studio Version 17
VisualStudioVersion = 17.4.33122.133
MinimumVisualStudioVersion = 10.0.40219.1
Project("{9A19103F-16F7-4668-BE54-9A1E7A4F7556}") = "Webapi", "Webapi\Webapi.csproj", "{109D4B54-D7E8-4482-AB5A-417D278C0403}"
EndProject
Project("{9A19103F-16F7-4668-BE54-9A1E7A4F7556}") = "Tests", "Tests\Tests.csproj", "{CD22ACB5-6859-4DA0-B9F1-76C56516D136}"
EndProject
Global
	GlobalSection(SolutionConfigurationPlatforms) = preSolution
		Debug|Any CPU = Debug|Any CPU
		Debug|x64 = Debug|x64
		Release|Any CPU = Release|Any CPU
		Release|x64 = Release|x64
	EndGlobalSection
	GlobalSection(ProjectConfigurationPlatforms) = postSolution
		{109D4B54-D7E8-4482-AB5A-417D278C0403}.Debug|Any CPU.ActiveCfg = Debug|Any CPU
		{109D4B54-D7E8-4482-AB5A-417D278C0403}.Debug|Any CPU.Build.0 = Debug|Any CPU
		{109D4B54-D7E8-4482-AB5A-417D278C0403}.Debug|x64.ActiveCfg = Debug|x64
		{109D4B54-D7E8-4482-AB5A-417D278C0403}.Debug|x64.Build.0 = Debug|x64
		{109D4B54-D7E8-4482-AB5A-417D278C0403}.Release|Any CPU.ActiveCfg = Release|Any CPU
		{109D4B54-D7E8-4482-AB5A-417D278C0403}.Release|Any CPU.Build.0 = Release|Any CPU
		{109D4B54-D7E8-4482-AB5A-417D278C0403}.Release|x64.ActiveCfg = Release|x64
		{109D4B54-D7E8-4482-AB5A-417D278C0403}.Release|x64.Build.0 = Release|x64
		{CD22ACB5-6859-4DA0-B9F1-76C56516D136}.Debug|Any CPU.ActiveCfg = Debug|Any CPU
		{CD22ACB5-6859-4DA0-B9F1-76C56516D136}.Debug|Any CPU.Build.0 = Debug|Any CPU
		{CD22ACB5-6859-4DA0-B9F1-76C56516D136}.Debug|x64.ActiveCfg = Debug|Any CPU
		{CD22ACB5-6859-4DA0-B9F1-76C56516D136}.Debug|x64.Build.0 = Debug|Any CPU
		{CD22ACB5-6859-4DA0-B9F1-76C56516D136}.Release|Any CPU.ActiveCfg = Release|Any CPU
		{CD22ACB5-6859-4DA0-B9F1-76C56516D136}.Release|Any CPU.Build.0 = Release|Any CPU
		{CD22ACB5-6859-4DA0-B9F1-76C56516D136}.Release|x64.ActiveCfg = Release|Any CPU
		{CD22ACB5-6859-4DA0-B9F1-76C56516D136}.Release|x64.Build.0 = Release|Any CPU
	EndGlobalSection
	GlobalSection(SolutionProperties) = preSolution
		HideSolutionNode = FALSE
	EndGlobalSection
	GlobalSection(ExtensibilityGlobals) = postSolution
		SolutionGuid = {806ADAF0-D5B4-4052-B26D-6443BBCB37DD}
	EndGlobalSection
EndGlobal
